
Microsoft Visual Studio Solution File, Format Version 12.00
# Visual Studio Version 17
VisualStudioVersion = 17.8.34309.116
MinimumVisualStudioVersion = 10.0.40219.1
Project("{9A19103F-16F7-4668-BE54-9A1E7A4F7556}") = "TicTacToe.webapi", "TicTacToe.webapi.csproj", "{0C8C84D7-1DF1-43F4-8DE3-5F3824902859}"
	ProjectSection(ProjectDependencies) = postProject
		{535978E1-CFA8-4906-B647-69755EAF1D7C} = {535978E1-CFA8-4906-B647-69755EAF1D7C}
	EndProjectSection
EndProject
Project("{FAE04EC0-301F-11D3-BF4B-00C04F79EFBC}") = "TicTacToe.domain", "..\TicTacToe.domain\TicTacToe.domain.csproj", "{535978E1-CFA8-4906-B647-69755EAF1D7C}"
EndProject
Global
	GlobalSection(SolutionConfigurationPlatforms) = preSolution
		Debug|Any CPU = Debug|Any CPU
		Release|Any CPU = Release|Any CPU
	EndGlobalSection
	GlobalSection(ProjectConfigurationPlatforms) = postSolution
		{0C8C84D7-1DF1-43F4-8DE3-5F3824902859}.Debug|Any CPU.ActiveCfg = Debug|Any CPU
		{0C8C84D7-1DF1-43F4-8DE3-5F3824902859}.Debug|Any CPU.Build.0 = Debug|Any CPU
		{0C8C84D7-1DF1-43F4-8DE3-5F3824902859}.Release|Any CPU.ActiveCfg = Release|Any CPU
		{0C8C84D7-1DF1-43F4-8DE3-5F3824902859}.Release|Any CPU.Build.0 = Release|Any CPU
		{535978E1-CFA8-4906-B647-69755EAF1D7C}.Debug|Any CPU.ActiveCfg = Debug|Any CPU
		{535978E1-CFA8-4906-B647-69755EAF1D7C}.Debug|Any CPU.Build.0 = Debug|Any CPU
		{535978E1-CFA8-4906-B647-69755EAF1D7C}.Release|Any CPU.ActiveCfg = Release|Any CPU
		{535978E1-CFA8-4906-B647-69755EAF1D7C}.Release|Any CPU.Build.0 = Release|Any CPU
	EndGlobalSection
	GlobalSection(SolutionProperties) = preSolution
		HideSolutionNode = FALSE
	EndGlobalSection
	GlobalSection(ExtensibilityGlobals) = postSolution
		SolutionGuid = {BF5432BA-FE13-4A1D-B2C2-5AD3A276D509}
	EndGlobalSection
EndGlobal
